
Microsoft Visual Studio Solution File, Format Version 12.00
# Visual Studio Version 17
VisualStudioVersion = 17.11.35327.3
MinimumVisualStudioVersion = 10.0.40219.1
Project("{FAE04EC0-301F-11D3-BF4B-00C04F79EFBC}") = "any", "any\any.csproj", "{A094DC95-5B11-4C23-9866-26340CA9D97C}"
EndProject
Global
	GlobalSection(SolutionConfigurationPlatforms) = preSolution
		Debug|Any CPU = Debug|Any CPU
		Release|Any CPU = Release|Any CPU
	EndGlobalSection
	GlobalSection(ProjectConfigurationPlatforms) = postSolution
		{A094DC95-5B11-4C23-9866-26340CA9D97C}.Debug|Any CPU.ActiveCfg = Debug|Any CPU
		{A094DC95-5B11-4C23-9866-26340CA9D97C}.Debug|Any CPU.Build.0 = Debug|Any CPU
		{A094DC95-5B11-4C23-9866-26340CA9D97C}.Release|Any CPU.ActiveCfg = Release|Any CPU
		{A094DC95-5B11-4C23-9866-26340CA9D97C}.Release|Any CPU.Build.0 = Release|Any CPU
	EndGlobalSection
	GlobalSection(SolutionProperties) = preSolution
		HideSolutionNode = FALSE
	EndGlobalSection
	GlobalSection(ExtensibilityGlobals) = postSolution
		SolutionGuid = {81CF54B1-2687-4FD3-B671-7BB36370C9E4}
	EndGlobalSection
EndGlobal
